{
    "_meta": {
        "hash": {
            "sha256": "f594423969c81d095fa743326ed00964bd96845ea5bfb450300f8686b232b909"
        },
        "host-environment-markers": {
            "implementation_name": "cpython",
            "implementation_version": "3.6.4",
            "os_name": "posix",
            "platform_machine": "x86_64",
            "platform_python_implementation": "CPython",
            "platform_release": "17.4.0",
            "platform_system": "Darwin",
            "platform_version": "Darwin Kernel Version 17.4.0: Sun Dec 17 09:19:54 PST 2017; root:xnu-4570.41.2~1/RELEASE_X86_64",
            "python_full_version": "3.6.4",
            "python_version": "3.6",
            "sys_platform": "darwin"
        },
        "pipfile-spec": 6,
        "requires": {
            "python_version": "3.6"
        },
        "sources": [
            {
                "name": "pypi",
                "url": "https://pypi.python.org/simple",
                "verify_ssl": true
            }
        ]
    },
    "default": {},
    "develop": {
        "lark-parser": {
            "hashes": [
                "sha256:8e0b2d0d210b6debc2211c1c7bf4649cb6ccf1b3328ec8f62049e4ab8a13bcd1"
            ],
            "version": "==0.5.4"
        }
    }
}
