{
    "_meta": {
        "hash": {
            "sha256": "17535f8c728519653ad3651863833c038d31dc95030f18a7749036c605f0acad"
        },
        "pipfile-spec": 6,
        "requires": {},
        "sources": [
            {
                "name": "pypi",
                "url": "https://pypi.python.org/simple",
                "verify_ssl": true
            }
        ]
    },
    "default": {
        "lark-parser": {
            "hashes": [
                "sha256:2074f2cda9303167f97da0157eefa6fdf9c0b8c7786d4a24e86c65319b34c0df"
            ],
            "index": "pypi",
            "version": "==0.5.6"
        }
    },
    "develop": {
        "bleach": {
            "hashes": [
                "sha256:213336e49e102af26d9cde77dd2d0397afabc5a6bf2fed985dc35b5d1e285a16",
                "sha256:3fdf7f77adcf649c9911387df51254b813185e32b2c6619f690b593a617e19fa"
            ],
            "version": "==3.1.0"
        },
        "certifi": {
            "hashes": [
                "sha256:e4f3620cfea4f83eedc95b24abd9cd56f3c4b146dd0177e83a21b4eb49e21e50",
                "sha256:fd7c7c74727ddcf00e9acd26bba8da604ffec95bf1c2144e67aff7a8b50e6cef"
            ],
            "version": "==2019.9.11"
        },
        "cffi": {
            "hashes": [
                "sha256:08f99e8b38d5134d504aa7e486af8e4fde66a2f388bbecc270cdd1e00fa09ff8",
                "sha256:1112d2fc92a867a6103bce6740a549e74b1d320cf28875609f6e93857eee4f2d",
                "sha256:1b9ab50c74e075bd2ae489853c5f7f592160b379df53b7f72befcbe145475a36",
                "sha256:24eff2997436b6156c2f30bed215c782b1d8fd8c6a704206053c79af95962e45",
                "sha256:2eff642fbc9877a6449026ad66bf37c73bf4232505fb557168ba5c502f95999b",
                "sha256:362e896cea1249ed5c2a81cf6477fabd9e1a5088aa7ea08358a4c6b0998294d2",
                "sha256:40eddb3589f382cb950f2dcf1c39c9b8d7bd5af20665ce273815b0d24635008b",
                "sha256:5ed40760976f6b8613d4a0db5e423673ca162d4ed6c9ed92d1f4e58a47ee01b5",
                "sha256:632c6112c1e914c486f06cfe3f0cc507f44aa1e00ebf732cedb5719e6aa0466a",
                "sha256:64d84f0145e181f4e6cc942088603c8db3ae23485c37eeda71cb3900b5e67cb4",
                "sha256:6cb4edcf87d0e7f5bdc7e5c1a0756fbb37081b2181293c5fdf203347df1cd2a2",
                "sha256:6f19c9df4785305669335b934c852133faed913c0faa63056248168966f7a7d5",
                "sha256:719537b4c5cd5218f0f47826dd705fb7a21d83824920088c4214794457113f3f",
                "sha256:7b0e337a70e58f1a36fb483fd63880c9e74f1db5c532b4082bceac83df1523fa",
                "sha256:853376efeeb8a4ae49a737d5d30f5db8cdf01d9319695719c4af126488df5a6a",
                "sha256:85bbf77ffd12985d76a69d2feb449e35ecdcb4fc54a5f087d2bd54158ae5bb0c",
                "sha256:8978115c6f0b0ce5880bc21c967c65058be8a15f1b81aa5fdbdcbea0e03952d1",
                "sha256:8f7eec920bc83692231d7306b3e311586c2e340db2dc734c43c37fbf9c981d24",
                "sha256:8fe230f612c18af1df6f348d02d682fe2c28ca0a6c3856c99599cdacae7cf226",
                "sha256:92068ebc494b5f9826b822cec6569f1f47b9a446a3fef477e1d11d7fac9ea895",
                "sha256:b57e1c8bcdd7340e9c9d09613b5e7fdd0c600be142f04e2cc1cc8cb7c0b43529",
                "sha256:ba956c9b44646bc1852db715b4a252e52a8f5a4009b57f1dac48ba3203a7bde1",
                "sha256:ca42034c11eb447497ea0e7b855d87ccc2aebc1e253c22e7d276b8599c112a27",
                "sha256:dc9b2003e9a62bbe0c84a04c61b0329e86fccd85134a78d7aca373bbbf788165",
                "sha256:dd308802beb4b2961af8f037becbdf01a1e85009fdfc14088614c1b3c383fae5",
                "sha256:e77cd105b19b8cd721d101687fcf665fd1553eb7b57556a1ef0d453b6fc42faa",
                "sha256:f56dff1bd81022f1c980754ec721fb8da56192b026f17f0f99b965da5ab4fbd2",
                "sha256:fa4cc13c03ea1d0d37ce8528e0ecc988d2365e8ac64d8d86cafab4038cb4ce89",
                "sha256:fa8cf1cb974a9f5911d2a0303f6adc40625c05578d8e7ff5d313e1e27850bd59",
                "sha256:fb003019f06d5fc0aa4738492ad8df1fa343b8a37cbcf634018ad78575d185df",
                "sha256:fd409b7778167c3bcc836484a8f49c0e0b93d3e745d975749f83aa5d18a5822f",
                "sha256:fe5d65a3ee38122003245a82303d11ac05ff36531a8f5ce4bc7d4bbc012797e1"
            ],
            "version": "==1.13.0"
        },
        "chardet": {
            "hashes": [
                "sha256:84ab92ed1c4d4f16916e05906b6b75a6c0fb5db821cc65e70cbd64a3e2a5eaae",
                "sha256:fc323ffcaeaed0e0a02bf4d117757b98aed530d9ed4531e3e15460124c106691"
            ],
            "version": "==3.0.4"
        },
        "cmarkgfm": {
            "hashes": [
                "sha256:0186dccca79483e3405217993b83b914ba4559fe9a8396efc4eea56561b74061",
                "sha256:1a625afc6f62da428df96ec325dc30866cc5781520cbd904ff4ec44cf018171c",
                "sha256:207b7673ff4e177374c572feeae0e4ef33be620ec9171c08fd22e2b796e03e3d",
                "sha256:275905bb371a99285c74931700db3f0c078e7603bed383e8cf1a09f3ee05a3de",
                "sha256:50098f1c4950722521f0671e54139e0edc1837d63c990cf0f3d2c49607bb51a2",
                "sha256:50ed116d0b60a07df0dc7b180c28569064b9d37d1578d4c9021cff04d725cb63",
                "sha256:61a72def110eed903cd1848245897bcb80d295cd9d13944d4f9f30cba5b76655",
                "sha256:64186fb75d973a06df0e6ea12879533b71f6e7ba1ab01ffee7fc3e7534758889",
                "sha256:665303d34d7f14f10d7b0651082f25ebf7107f29ef3d699490cac16cdc0fc8ce",
                "sha256:70b18f843aec58e4e64aadce48a897fe7c50426718b7753aaee399e72df64190",
                "sha256:761ee7b04d1caee2931344ac6bfebf37102ffb203b136b676b0a71a3f0ea3c87",
                "sha256:811527e9b7280b136734ed6cb6845e5fbccaeaa132ddf45f0246cbe544016957",
                "sha256:987b0e157f70c72a84f3c2f9ef2d7ab0f26c08f2bf326c12c087ff9eebcb3ff5",
                "sha256:9fc6a2183d0a9b0974ec7cdcdad42bd78a3be674cc3e65f87dd694419b3b0ab7",
                "sha256:a3d17ee4ae739fe16f7501a52255c2e287ac817cfd88565b9859f70520afffea",
                "sha256:ba5b5488719c0f2ced0aa1986376f7baff1a1653a8eb5fdfcf3f84c7ce46ef8d",
                "sha256:c573ea89dd95d41b6d8cf36799c34b6d5b1eac4aed0212dee0f0a11fb7b01e8f",
                "sha256:c5f1b9e8592d2c448c44e6bc0d91224b16ea5f8293908b1561de1f6d2d0658b1",
                "sha256:cbe581456357d8f0674d6a590b1aaf46c11d01dd0a23af147a51a798c3818034",
                "sha256:cf219bec69e601fe27e3974b7307d2f06082ab385d42752738ad2eb630a47d65",
                "sha256:cf5014eb214d814a83a7a47407272d5db10b719dbeaf4d3cfe5969309d0fcf4b",
                "sha256:d08bad67fa18f7e8ff738c090628ee0cbf0505d74a991c848d6d04abfe67b697",
                "sha256:d6f716d7b1182bf35862b5065112f933f43dd1aa4f8097c9bcfb246f71528a34",
                "sha256:e08e479102627641c7cb4ece421c6ed4124820b1758765db32201136762282d9",
                "sha256:e20ac21418af0298437d29599f7851915497ce9f2866bc8e86b084d8911ee061",
                "sha256:e25f53c37e319241b9a412382140dffac98ca756ba8f360ac7ab5e30cad9670a",
                "sha256:e8932bddf159064f04e946fbb64693753488de21586f20e840b3be51745c8c09",
                "sha256:f20900f16377f2109783ae9348d34bc80530808439591c3d3df73d5c7ef1a00c"
            ],
            "version": "==0.4.2"
        },
        "docutils": {
            "hashes": [
                "sha256:6c4f696463b79f1fb8ba0c594b63840ebd41f059e92b31957c46b74a4599b6d0",
                "sha256:9e4d7ecfc600058e07ba661411a2b7de2fd0fafa17d1a7f7361cd47b1175c827",
                "sha256:a2aeea129088da402665e92e0b25b04b073c04b2dce4ab65caaa38b7ce2e1a99"
            ],
            "version": "==0.15.2"
        },
        "future": {
            "hashes": [
                "sha256:858e38522e8fd0d3ce8f0c1feaf0603358e366d5403209674c7b617fa0c24093"
            ],
            "version": "==0.18.1"
        },
        "idna": {
            "hashes": [
                "sha256:c357b3f628cf53ae2c4c05627ecc484553142ca23264e593d327bcde5e9c3407",
                "sha256:ea8b7f6188e6fa117537c3df7da9fc686d485087abf6ac197f9c46432f7e4a3c"
            ],
            "version": "==2.8"
        },
        "pkginfo": {
            "hashes": [
                "sha256:7424f2c8511c186cd5424bbf31045b77435b37a8d604990b79d4e70d741148bb",
                "sha256:a6d9e40ca61ad3ebd0b72fbadd4fba16e4c0e4df0428c041e01e06eb6ee71f32"
            ],
            "version": "==1.5.0.1"
        },
        "pycparser": {
            "hashes": [
                "sha256:a988718abfad80b6b157acce7bf130a30876d27603738ac39f140993246b25b3"
            ],
            "version": "==2.19"
        },
        "pygments": {
            "hashes": [
                "sha256:71e430bc85c88a430f000ac1d9b331d2407f681d6f6aec95e8bcfbc3df5b0127",
                "sha256:881c4c157e45f30af185c1ffe8d549d48ac9127433f2c380c24b84572ad66297"
            ],
            "version": "==2.4.2"
        },
        "readme-renderer": {
            "hashes": [
                "sha256:422404013378f0267ee128956021a47457db8eb487908b70b8a7de5fa935781a",
                "sha256:4547549521518be153ec428e86c0ee7c41ebd24c26b948e1d5627c94ad470808"
            ],
            "index": "pypi",
            "version": "==21.0"
        },
        "requests": {
            "hashes": [
                "sha256:11e007a8a2aa0323f5a921e9e6a2d7e4e67d9877e85773fba9ba6419025cbeb4",
                "sha256:9cf5292fcd0f598c671cfc1e0d7d1a7f13bb8085e9a590f48c010551dc6c4b31"
            ],
            "version": "==2.22.0"
        },
        "requests-toolbelt": {
            "hashes": [
                "sha256:380606e1d10dc85c3bd47bf5a6095f815ec007be7a8b69c878507068df059e6f",
                "sha256:968089d4584ad4ad7c171454f0a5c6dac23971e9472521ea3b6d49d610aa6fc0"
            ],
            "version": "==0.9.1"
        },
        "six": {
            "hashes": [
                "sha256:3350809f0555b11f552448330d0b52d5f24c91a322ea4a15ef22629740f3761c",
                "sha256:d16a0141ec1a18405cd4ce8b4613101da75da0e9a7aec5bdd4fa804d0e0eba73"
            ],
            "version": "==1.12.0"
        },
        "tqdm": {
            "hashes": [
                "sha256:abc25d0ce2397d070ef07d8c7e706aede7920da163c64997585d42d3537ece3d",
                "sha256:dd3fcca8488bb1d416aa7469d2f277902f26260c45aa86b667b074cd44b3b115"
            ],
            "version": "==4.36.1"
        },
        "twine": {
            "hashes": [
                "sha256:08eb132bbaec40c6d25b358f546ec1dc96ebd2638a86eea68769d9e67fe2b129",
                "sha256:2fd9a4d9ff0bcacf41fdc40c8cb0cfaef1f1859457c9653fd1b92237cc4e9f25"
            ],
            "index": "pypi",
            "version": "==1.11.0"
        },
        "urllib3": {
            "hashes": [
                "sha256:4c291ca23bbb55c76518905869ef34bdd5f0e46af7afe6861e8375643ffee1a0",
                "sha256:9a247273df709c4fedb38c711e44292304f73f39ab01beda9f6b9fc375669ac3"
            ],
            "index": "pypi",
            "version": "==1.24.2"
        },
        "webencodings": {
            "hashes": [
                "sha256:a0af1213f3c2226497a97e2b3aa01a7e4bee4f403f95be16fc9acd2947514a78",
                "sha256:b36a1c245f2d304965eb4e0a82848379241dc04b865afcc4aab16748587e1923"
            ],
            "version": "==0.5.1"
        }
    }
}
